
Microsoft Visual Studio Solution File, Format Version 12.00
Project("{2150E333-8FDC-42A3-9474-1A3956D46DE8}") = "src", "src", "{6CC53FF4-257B-492E-85CD-55E4F4A37102}"
EndProject
Project("{2150E333-8FDC-42A3-9474-1A3956D46DE8}") = "Core", "Core", "{F2C33DAE-972C-4F97-A5F6-841FC4431380}"
EndProject
Project("{2150E333-8FDC-42A3-9474-1A3956D46DE8}") = "External", "External", "{49E96ECD-1BD1-421A-BDE0-BFB5FB6CA3A4}"
EndProject
Project("{FAE04EC0-301F-11D3-BF4B-00C04F79EFBC}") = "Application", "src\Core\Application\Application.csproj", "{D9CB01D3-83B3-48C0-8042-7116F3BF0B0D}"
EndProject
Project("{FAE04EC0-301F-11D3-BF4B-00C04F79EFBC}") = "Domain", "src\Core\Domain\Domain.csproj", "{F2D42B28-665A-4EAD-8DFF-373293A3A19A}"
EndProject
Project("{FAE04EC0-301F-11D3-BF4B-00C04F79EFBC}") = "Infrastructure", "src\External\Infrastructure\Infrastructure.csproj", "{AEFEBBAB-25E3-40F9-B8C1-DA7DDD7C6294}"
EndProject
Project("{FAE04EC0-301F-11D3-BF4B-00C04F79EFBC}") = "Presentation", "src\External\Presentation\Presentation.csproj", "{59C1DB19-CDB9-490F-B17E-E7CD2E2F9203}"
EndProject
Project("{FAE04EC0-301F-11D3-BF4B-00C04F79EFBC}") = "Api", "src\Api\Api.csproj", "{D5408276-E4C2-44DE-A3C5-B6D76D04245D}"
EndProject
Global
	GlobalSection(SolutionConfigurationPlatforms) = preSolution
		Debug|Any CPU = Debug|Any CPU
		Release|Any CPU = Release|Any CPU
	EndGlobalSection
	GlobalSection(NestedProjects) = preSolution
		{F2C33DAE-972C-4F97-A5F6-841FC4431380} = {6CC53FF4-257B-492E-85CD-55E4F4A37102}
		{49E96ECD-1BD1-421A-BDE0-BFB5FB6CA3A4} = {6CC53FF4-257B-492E-85CD-55E4F4A37102}
		{D9CB01D3-83B3-48C0-8042-7116F3BF0B0D} = {F2C33DAE-972C-4F97-A5F6-841FC4431380}
		{F2D42B28-665A-4EAD-8DFF-373293A3A19A} = {F2C33DAE-972C-4F97-A5F6-841FC4431380}
		{AEFEBBAB-25E3-40F9-B8C1-DA7DDD7C6294} = {49E96ECD-1BD1-421A-BDE0-BFB5FB6CA3A4}
		{59C1DB19-CDB9-490F-B17E-E7CD2E2F9203} = {49E96ECD-1BD1-421A-BDE0-BFB5FB6CA3A4}
		{D5408276-E4C2-44DE-A3C5-B6D76D04245D} = {6CC53FF4-257B-492E-85CD-55E4F4A37102}
	EndGlobalSection
	GlobalSection(ProjectConfigurationPlatforms) = postSolution
		{D9CB01D3-83B3-48C0-8042-7116F3BF0B0D}.Debug|Any CPU.ActiveCfg = Debug|Any CPU
		{D9CB01D3-83B3-48C0-8042-7116F3BF0B0D}.Debug|Any CPU.Build.0 = Debug|Any CPU
		{D9CB01D3-83B3-48C0-8042-7116F3BF0B0D}.Release|Any CPU.ActiveCfg = Release|Any CPU
		{D9CB01D3-83B3-48C0-8042-7116F3BF0B0D}.Release|Any CPU.Build.0 = Release|Any CPU
		{F2D42B28-665A-4EAD-8DFF-373293A3A19A}.Debug|Any CPU.ActiveCfg = Debug|Any CPU
		{F2D42B28-665A-4EAD-8DFF-373293A3A19A}.Debug|Any CPU.Build.0 = Debug|Any CPU
		{F2D42B28-665A-4EAD-8DFF-373293A3A19A}.Release|Any CPU.ActiveCfg = Release|Any CPU
		{F2D42B28-665A-4EAD-8DFF-373293A3A19A}.Release|Any CPU.Build.0 = Release|Any CPU
		{AEFEBBAB-25E3-40F9-B8C1-DA7DDD7C6294}.Debug|Any CPU.ActiveCfg = Debug|Any CPU
		{AEFEBBAB-25E3-40F9-B8C1-DA7DDD7C6294}.Debug|Any CPU.Build.0 = Debug|Any CPU
		{AEFEBBAB-25E3-40F9-B8C1-DA7DDD7C6294}.Release|Any CPU.ActiveCfg = Release|Any CPU
		{AEFEBBAB-25E3-40F9-B8C1-DA7DDD7C6294}.Release|Any CPU.Build.0 = Release|Any CPU
		{59C1DB19-CDB9-490F-B17E-E7CD2E2F9203}.Debug|Any CPU.ActiveCfg = Debug|Any CPU
		{59C1DB19-CDB9-490F-B17E-E7CD2E2F9203}.Debug|Any CPU.Build.0 = Debug|Any CPU
		{59C1DB19-CDB9-490F-B17E-E7CD2E2F9203}.Release|Any CPU.ActiveCfg = Release|Any CPU
		{59C1DB19-CDB9-490F-B17E-E7CD2E2F9203}.Release|Any CPU.Build.0 = Release|Any CPU
		{D5408276-E4C2-44DE-A3C5-B6D76D04245D}.Debug|Any CPU.ActiveCfg = Debug|Any CPU
		{D5408276-E4C2-44DE-A3C5-B6D76D04245D}.Debug|Any CPU.Build.0 = Debug|Any CPU
		{D5408276-E4C2-44DE-A3C5-B6D76D04245D}.Release|Any CPU.ActiveCfg = Release|Any CPU
		{D5408276-E4C2-44DE-A3C5-B6D76D04245D}.Release|Any CPU.Build.0 = Release|Any CPU
	EndGlobalSection
EndGlobal
